
Microsoft Visual Studio Solution File, Format Version 12.00
# Visual Studio Version 16
VisualStudioVersion = 16.0.29613.14
MinimumVisualStudioVersion = 10.0.40219.1
Project("{9A19103F-16F7-4668-BE54-9A1E7A4F7556}") = "CalculatorSimplifier", "CalculatorSimplifier\CalculatorSimplifier.csproj", "{EB5D89FD-C65D-486B-AF0A-CCD03269371A}"
EndProject
Project("{FAE04EC0-301F-11D3-BF4B-00C04F79EFBC}") = "CalculatorSimplifier.Tests", "CalculatorSimplifier.Tests\CalculatorSimplifier.Tests.csproj", "{B140CAE8-4D3D-450B-B4AF-8DB59FF8ED68}"
EndProject
Global
	GlobalSection(SolutionConfigurationPlatforms) = preSolution
		Debug|Any CPU = Debug|Any CPU
		Release|Any CPU = Release|Any CPU
	EndGlobalSection
	GlobalSection(ProjectConfigurationPlatforms) = postSolution
		{EB5D89FD-C65D-486B-AF0A-CCD03269371A}.Debug|Any CPU.ActiveCfg = Debug|Any CPU
		{EB5D89FD-C65D-486B-AF0A-CCD03269371A}.Debug|Any CPU.Build.0 = Debug|Any CPU
		{EB5D89FD-C65D-486B-AF0A-CCD03269371A}.Release|Any CPU.ActiveCfg = Release|Any CPU
		{EB5D89FD-C65D-486B-AF0A-CCD03269371A}.Release|Any CPU.Build.0 = Release|Any CPU
		{B140CAE8-4D3D-450B-B4AF-8DB59FF8ED68}.Debug|Any CPU.ActiveCfg = Debug|Any CPU
		{B140CAE8-4D3D-450B-B4AF-8DB59FF8ED68}.Debug|Any CPU.Build.0 = Debug|Any CPU
		{B140CAE8-4D3D-450B-B4AF-8DB59FF8ED68}.Release|Any CPU.ActiveCfg = Release|Any CPU
		{B140CAE8-4D3D-450B-B4AF-8DB59FF8ED68}.Release|Any CPU.Build.0 = Release|Any CPU
	EndGlobalSection
	GlobalSection(SolutionProperties) = preSolution
		HideSolutionNode = FALSE
	EndGlobalSection
	GlobalSection(ExtensibilityGlobals) = postSolution
		SolutionGuid = {59704884-645D-450E-82A7-978D41BECAAC}
	EndGlobalSection
EndGlobal
